// !$*UTF8*$!
{
	archiveVersion = 1;
	classes = {
	};
	objectVersion = 50;
	objects = {

/* Begin PBXBuildFile section */
		0530F44F270C722000AF7366 /* FeedStoreSpecs.swift in Sources */ = {isa = PBXBuildFile; fileRef = 0530F44E270C722000AF7366 /* FeedStoreSpecs.swift */; };
		0530F451270C746C00AF7366 /* XCTestCase+FeedStoreSpecs.swift in Sources */ = {isa = PBXBuildFile; fileRef = 0530F450270C746C00AF7366 /* XCTestCase+FeedStoreSpecs.swift */; };
		0530F453270C8A2700AF7366 /* XCTestCase+FailableRetrieveFeedStoreSpecs.swift in Sources */ = {isa = PBXBuildFile; fileRef = 0530F452270C8A2700AF7366 /* XCTestCase+FailableRetrieveFeedStoreSpecs.swift */; };
		0530F455270C8DA700AF7366 /* XCTestCase+FailableInsertFeedStoreSpecs.swift in Sources */ = {isa = PBXBuildFile; fileRef = 0530F454270C8DA700AF7366 /* XCTestCase+FailableInsertFeedStoreSpecs.swift */; };
		0530F457270C8EF700AF7366 /* XCTestCase+FailableDeleteFeedStoreSpecs.swift in Sources */ = {isa = PBXBuildFile; fileRef = 0530F456270C8EF700AF7366 /* XCTestCase+FailableDeleteFeedStoreSpecs.swift */; };
		05484336270EFCE300FE5DFE /* CoreDataFeedStoreTests.swift in Sources */ = {isa = PBXBuildFile; fileRef = 05484335270EFCE300FE5DFE /* CoreDataFeedStoreTests.swift */; };
		05484338270EFF6C00FE5DFE /* CoreDataFeedStore.swift in Sources */ = {isa = PBXBuildFile; fileRef = 05484337270EFF6C00FE5DFE /* CoreDataFeedStore.swift */; };
		054F21FA26F893A60017DDBE /* LocalFeedLoader.swift in Sources */ = {isa = PBXBuildFile; fileRef = 054F21F926F893A60017DDBE /* LocalFeedLoader.swift */; };
		054F21FC26F8941F0017DDBE /* FeedStore.swift in Sources */ = {isa = PBXBuildFile; fileRef = 054F21FB26F8941F0017DDBE /* FeedStore.swift */; };
		055D781726F4B7AB007C64A6 /* CacheFeedUseCaseTests.swift in Sources */ = {isa = PBXBuildFile; fileRef = 055D781626F4B7AB007C64A6 /* CacheFeedUseCaseTests.swift */; };
		0590FD6E26F9B54300B9F0C1 /* RemoteFeedItem.swift in Sources */ = {isa = PBXBuildFile; fileRef = 0590FD6D26F9B54300B9F0C1 /* RemoteFeedItem.swift */; };
		0590FD7026F9B57E00B9F0C1 /* LocalFeedImage.swift in Sources */ = {isa = PBXBuildFile; fileRef = 0590FD6F26F9B57E00B9F0C1 /* LocalFeedImage.swift */; };
		059DB0AC2702F9D90007AC34 /* ValidateFeedCacheUsesCaseTests.swift in Sources */ = {isa = PBXBuildFile; fileRef = 059DB0AB2702F9D90007AC34 /* ValidateFeedCacheUsesCaseTests.swift */; };
		059DB0AE2702FF410007AC34 /* FeedCacheTestHelpers.swift in Sources */ = {isa = PBXBuildFile; fileRef = 059DB0AD2702FF410007AC34 /* FeedCacheTestHelpers.swift */; };
		059DB0B0270300C40007AC34 /* SharedTestHelpers.swift in Sources */ = {isa = PBXBuildFile; fileRef = 059DB0AF270300C40007AC34 /* SharedTestHelpers.swift */; };
		05F57BB326FDB324009A916A /* LoadFeedFromCacheUseCaseTests.swift in Sources */ = {isa = PBXBuildFile; fileRef = 05F57BB226FDB324009A916A /* LoadFeedFromCacheUseCaseTests.swift */; };
		05F57BB626FDB657009A916A /* FeedStoreSpy.swift in Sources */ = {isa = PBXBuildFile; fileRef = 05F57BB526FDB657009A916A /* FeedStoreSpy.swift */; };
		4F2039EE270F3A3E009DF84F /* FeedStore.xcdatamodeld in Sources */ = {isa = PBXBuildFile; fileRef = 4F2039EC270F3A3E009DF84F /* FeedStore.xcdatamodeld */; };
		4F2039F2270F599B009DF84F /* CoreDataHelpers.swift in Sources */ = {isa = PBXBuildFile; fileRef = 4F2039F1270F599B009DF84F /* CoreDataHelpers.swift */; };
		4F2039F4270F5A1E009DF84F /* ManagedCache.swift in Sources */ = {isa = PBXBuildFile; fileRef = 4F2039F3270F5A1E009DF84F /* ManagedCache.swift */; };
		4F2039F6270F5A44009DF84F /* ManagedFeedImage.swift in Sources */ = {isa = PBXBuildFile; fileRef = 4F2039F5270F5A44009DF84F /* ManagedFeedImage.swift */; };
		4F7F28992703675A00FBA588 /* FeedCachePolicy.swift in Sources */ = {isa = PBXBuildFile; fileRef = 4F7F28982703675A00FBA588 /* FeedCachePolicy.swift */; };
		4F86FBE126D372250096520B /* URLSessionHTTPClientTests.swift in Sources */ = {isa = PBXBuildFile; fileRef = 4F86FBE026D372250096520B /* URLSessionHTTPClientTests.swift */; };
		4F86FBE426D3C6170096520B /* XCTestCase+MemoryLeakTracking.swift in Sources */ = {isa = PBXBuildFile; fileRef = 4F86FBE326D3C6170096520B /* XCTestCase+MemoryLeakTracking.swift */; };
		4F86FBE626D3EE5C0096520B /* URLSessionHTTPClient.swift in Sources */ = {isa = PBXBuildFile; fileRef = 4F86FBE526D3EE5C0096520B /* URLSessionHTTPClient.swift */; };
		4F8CD3B826CCE1A000BEF43D /* FeedImage.swift in Sources */ = {isa = PBXBuildFile; fileRef = 4F8CD3B726CCE1A000BEF43D /* FeedImage.swift */; };
		4F8CD3BA26CCE3E600BEF43D /* FeedLoader.swift in Sources */ = {isa = PBXBuildFile; fileRef = 4F8CD3B926CCE3E600BEF43D /* FeedLoader.swift */; };
		4F8CD3C126CCE60600BEF43D /* LoadFeedFromRemoteUseCaseTests.swift in Sources */ = {isa = PBXBuildFile; fileRef = 4F8CD3C026CCE60600BEF43D /* LoadFeedFromRemoteUseCaseTests.swift */; };
		4F8CD3C326CD0CA000BEF43D /* RemoteFeedLoader.swift in Sources */ = {isa = PBXBuildFile; fileRef = 4F8CD3C226CD0CA000BEF43D /* RemoteFeedLoader.swift */; };
		4F91256526C3B11600DFF116 /* EssentialFeed.framework in Frameworks */ = {isa = PBXBuildFile; fileRef = 4F91255B26C3B11600DFF116 /* EssentialFeed.framework */; };
		4FB081D226D4C13B002C1AC3 /* EssentialFeedAPIEndToEndTests.swift in Sources */ = {isa = PBXBuildFile; fileRef = 4FB081D126D4C13B002C1AC3 /* EssentialFeedAPIEndToEndTests.swift */; };
		4FB081D426D4C13B002C1AC3 /* EssentialFeed.framework in Frameworks */ = {isa = PBXBuildFile; fileRef = 4F91255B26C3B11600DFF116 /* EssentialFeed.framework */; };
		4FB081DA26D4CA2C002C1AC3 /* XCTestCase+MemoryLeakTracking.swift in Sources */ = {isa = PBXBuildFile; fileRef = 4F86FBE326D3C6170096520B /* XCTestCase+MemoryLeakTracking.swift */; };
		4FFF56A726D1067800584CBB /* HTTPClient.swift in Sources */ = {isa = PBXBuildFile; fileRef = 4FFF56A626D1067800584CBB /* HTTPClient.swift */; };
		4FFF56A926D106ED00584CBB /* FeedItemsMapper.swift in Sources */ = {isa = PBXBuildFile; fileRef = 4FFF56A826D106ED00584CBB /* FeedItemsMapper.swift */; };
/* End PBXBuildFile section */

/* Begin PBXContainerItemProxy section */
		4F91256626C3B11600DFF116 /* PBXContainerItemProxy */ = {
			isa = PBXContainerItemProxy;
			containerPortal = 4F91255226C3B11600DFF116 /* Project object */;
			proxyType = 1;
			remoteGlobalIDString = 4F91255A26C3B11600DFF116;
			remoteInfo = EssentialFeed;
		};
		4FB081D526D4C13B002C1AC3 /* PBXContainerItemProxy */ = {
			isa = PBXContainerItemProxy;
			containerPortal = 4F91255226C3B11600DFF116 /* Project object */;
			proxyType = 1;
			remoteGlobalIDString = 4F91255A26C3B11600DFF116;
			remoteInfo = EssentialFeed;
		};
/* End PBXContainerItemProxy section */

/* Begin PBXFileReference section */
		0530F44E270C722000AF7366 /* FeedStoreSpecs.swift */ = {isa = PBXFileReference; lastKnownFileType = sourcecode.swift; path = FeedStoreSpecs.swift; sourceTree = "<group>"; };
		0530F450270C746C00AF7366 /* XCTestCase+FeedStoreSpecs.swift */ = {isa = PBXFileReference; lastKnownFileType = sourcecode.swift; path = "XCTestCase+FeedStoreSpecs.swift"; sourceTree = "<group>"; };
		0530F452270C8A2700AF7366 /* XCTestCase+FailableRetrieveFeedStoreSpecs.swift */ = {isa = PBXFileReference; lastKnownFileType = sourcecode.swift; path = "XCTestCase+FailableRetrieveFeedStoreSpecs.swift"; sourceTree = "<group>"; };
		0530F454270C8DA700AF7366 /* XCTestCase+FailableInsertFeedStoreSpecs.swift */ = {isa = PBXFileReference; lastKnownFileType = sourcecode.swift; path = "XCTestCase+FailableInsertFeedStoreSpecs.swift"; sourceTree = "<group>"; };
		0530F456270C8EF700AF7366 /* XCTestCase+FailableDeleteFeedStoreSpecs.swift */ = {isa = PBXFileReference; lastKnownFileType = sourcecode.swift; path = "XCTestCase+FailableDeleteFeedStoreSpecs.swift"; sourceTree = "<group>"; };
		05484335270EFCE300FE5DFE /* CoreDataFeedStoreTests.swift */ = {isa = PBXFileReference; lastKnownFileType = sourcecode.swift; path = CoreDataFeedStoreTests.swift; sourceTree = "<group>"; };
		05484337270EFF6C00FE5DFE /* CoreDataFeedStore.swift */ = {isa = PBXFileReference; lastKnownFileType = sourcecode.swift; path = CoreDataFeedStore.swift; sourceTree = "<group>"; };
		054F21F926F893A60017DDBE /* LocalFeedLoader.swift */ = {isa = PBXFileReference; lastKnownFileType = sourcecode.swift; path = LocalFeedLoader.swift; sourceTree = "<group>"; };
		054F21FB26F8941F0017DDBE /* FeedStore.swift */ = {isa = PBXFileReference; lastKnownFileType = sourcecode.swift; path = FeedStore.swift; sourceTree = "<group>"; };
		055D781626F4B7AB007C64A6 /* CacheFeedUseCaseTests.swift */ = {isa = PBXFileReference; lastKnownFileType = sourcecode.swift; path = CacheFeedUseCaseTests.swift; sourceTree = "<group>"; };
		0590FD6D26F9B54300B9F0C1 /* RemoteFeedItem.swift */ = {isa = PBXFileReference; lastKnownFileType = sourcecode.swift; path = RemoteFeedItem.swift; sourceTree = "<group>"; };
		0590FD6F26F9B57E00B9F0C1 /* LocalFeedImage.swift */ = {isa = PBXFileReference; lastKnownFileType = sourcecode.swift; path = LocalFeedImage.swift; sourceTree = "<group>"; };
		059DB0AB2702F9D90007AC34 /* ValidateFeedCacheUsesCaseTests.swift */ = {isa = PBXFileReference; lastKnownFileType = sourcecode.swift; path = ValidateFeedCacheUsesCaseTests.swift; sourceTree = "<group>"; };
		059DB0AD2702FF410007AC34 /* FeedCacheTestHelpers.swift */ = {isa = PBXFileReference; lastKnownFileType = sourcecode.swift; path = FeedCacheTestHelpers.swift; sourceTree = "<group>"; };
		059DB0AF270300C40007AC34 /* SharedTestHelpers.swift */ = {isa = PBXFileReference; lastKnownFileType = sourcecode.swift; path = SharedTestHelpers.swift; sourceTree = "<group>"; };
		05F57BB226FDB324009A916A /* LoadFeedFromCacheUseCaseTests.swift */ = {isa = PBXFileReference; lastKnownFileType = sourcecode.swift; path = LoadFeedFromCacheUseCaseTests.swift; sourceTree = "<group>"; };
		05F57BB526FDB657009A916A /* FeedStoreSpy.swift */ = {isa = PBXFileReference; lastKnownFileType = sourcecode.swift; path = FeedStoreSpy.swift; sourceTree = "<group>"; };
		4F2039ED270F3A3E009DF84F /* FeedStore.xcdatamodel */ = {isa = PBXFileReference; lastKnownFileType = wrapper.xcdatamodel; path = FeedStore.xcdatamodel; sourceTree = "<group>"; };
		4F2039F1270F599B009DF84F /* CoreDataHelpers.swift */ = {isa = PBXFileReference; lastKnownFileType = sourcecode.swift; path = CoreDataHelpers.swift; sourceTree = "<group>"; };
		4F2039F3270F5A1E009DF84F /* ManagedCache.swift */ = {isa = PBXFileReference; lastKnownFileType = sourcecode.swift; path = ManagedCache.swift; sourceTree = "<group>"; };
		4F2039F5270F5A44009DF84F /* ManagedFeedImage.swift */ = {isa = PBXFileReference; lastKnownFileType = sourcecode.swift; path = ManagedFeedImage.swift; sourceTree = "<group>"; };
		4F7F28982703675A00FBA588 /* FeedCachePolicy.swift */ = {isa = PBXFileReference; lastKnownFileType = sourcecode.swift; path = FeedCachePolicy.swift; sourceTree = "<group>"; };
		4F86FBE026D372250096520B /* URLSessionHTTPClientTests.swift */ = {isa = PBXFileReference; lastKnownFileType = sourcecode.swift; path = URLSessionHTTPClientTests.swift; sourceTree = "<group>"; };
		4F86FBE326D3C6170096520B /* XCTestCase+MemoryLeakTracking.swift */ = {isa = PBXFileReference; lastKnownFileType = sourcecode.swift; path = "XCTestCase+MemoryLeakTracking.swift"; sourceTree = "<group>"; };
		4F86FBE526D3EE5C0096520B /* URLSessionHTTPClient.swift */ = {isa = PBXFileReference; lastKnownFileType = sourcecode.swift; path = URLSessionHTTPClient.swift; sourceTree = "<group>"; xcLanguageSpecificationIdentifier = xcode.lang.ruby; };
		4F8CD3B726CCE1A000BEF43D /* FeedImage.swift */ = {isa = PBXFileReference; lastKnownFileType = sourcecode.swift; path = FeedImage.swift; sourceTree = "<group>"; };
		4F8CD3B926CCE3E600BEF43D /* FeedLoader.swift */ = {isa = PBXFileReference; lastKnownFileType = sourcecode.swift; path = FeedLoader.swift; sourceTree = "<group>"; };
		4F8CD3C026CCE60600BEF43D /* LoadFeedFromRemoteUseCaseTests.swift */ = {isa = PBXFileReference; lastKnownFileType = sourcecode.swift; path = LoadFeedFromRemoteUseCaseTests.swift; sourceTree = "<group>"; };
		4F8CD3C226CD0CA000BEF43D /* RemoteFeedLoader.swift */ = {isa = PBXFileReference; lastKnownFileType = sourcecode.swift; path = RemoteFeedLoader.swift; sourceTree = "<group>"; xcLanguageSpecificationIdentifier = xcode.lang.javascript; };
		4F91255B26C3B11600DFF116 /* EssentialFeed.framework */ = {isa = PBXFileReference; explicitFileType = wrapper.framework; includeInIndex = 0; path = EssentialFeed.framework; sourceTree = BUILT_PRODUCTS_DIR; };
		4F91255F26C3B11600DFF116 /* Info.plist */ = {isa = PBXFileReference; lastKnownFileType = text.plist.xml; path = Info.plist; sourceTree = "<group>"; };
		4F91256426C3B11600DFF116 /* EssentialFeedTests.xctest */ = {isa = PBXFileReference; explicitFileType = wrapper.cfbundle; includeInIndex = 0; path = EssentialFeedTests.xctest; sourceTree = BUILT_PRODUCTS_DIR; };
		4F91256B26C3B11600DFF116 /* Info.plist */ = {isa = PBXFileReference; lastKnownFileType = text.plist.xml; path = Info.plist; sourceTree = "<group>"; };
		4FB081CF26D4C13B002C1AC3 /* EssentialFeedAPIEndToEndTests.xctest */ = {isa = PBXFileReference; explicitFileType = wrapper.cfbundle; includeInIndex = 0; path = EssentialFeedAPIEndToEndTests.xctest; sourceTree = BUILT_PRODUCTS_DIR; };
		4FB081D126D4C13B002C1AC3 /* EssentialFeedAPIEndToEndTests.swift */ = {isa = PBXFileReference; lastKnownFileType = sourcecode.swift; path = EssentialFeedAPIEndToEndTests.swift; sourceTree = "<group>"; };
		4FB081D326D4C13B002C1AC3 /* Info.plist */ = {isa = PBXFileReference; lastKnownFileType = text.plist.xml; path = Info.plist; sourceTree = "<group>"; };
		4FFF56A626D1067800584CBB /* HTTPClient.swift */ = {isa = PBXFileReference; lastKnownFileType = sourcecode.swift; path = HTTPClient.swift; sourceTree = "<group>"; };
		4FFF56A826D106ED00584CBB /* FeedItemsMapper.swift */ = {isa = PBXFileReference; lastKnownFileType = sourcecode.swift; path = FeedItemsMapper.swift; sourceTree = "<group>"; xcLanguageSpecificationIdentifier = xcode.lang.swift; };
/* End PBXFileReference section */

/* Begin PBXFrameworksBuildPhase section */
		4F91255826C3B11600DFF116 /* Frameworks */ = {
			isa = PBXFrameworksBuildPhase;
			buildActionMask = 2147483647;
			files = (
			);
			runOnlyForDeploymentPostprocessing = 0;
		};
		4F91256126C3B11600DFF116 /* Frameworks */ = {
			isa = PBXFrameworksBuildPhase;
			buildActionMask = 2147483647;
			files = (
				4F91256526C3B11600DFF116 /* EssentialFeed.framework in Frameworks */,
			);
			runOnlyForDeploymentPostprocessing = 0;
		};
		4FB081CC26D4C13B002C1AC3 /* Frameworks */ = {
			isa = PBXFrameworksBuildPhase;
			buildActionMask = 2147483647;
			files = (
				4FB081D426D4C13B002C1AC3 /* EssentialFeed.framework in Frameworks */,
			);
			runOnlyForDeploymentPostprocessing = 0;
		};
/* End PBXFrameworksBuildPhase section */

/* Begin PBXGroup section */
		0530F458270C8FEA00AF7366 /* FeedStoreSpecs */ = {
			isa = PBXGroup;
			children = (
				0530F44E270C722000AF7366 /* FeedStoreSpecs.swift */,
				0530F450270C746C00AF7366 /* XCTestCase+FeedStoreSpecs.swift */,
				0530F452270C8A2700AF7366 /* XCTestCase+FailableRetrieveFeedStoreSpecs.swift */,
				0530F454270C8DA700AF7366 /* XCTestCase+FailableInsertFeedStoreSpecs.swift */,
				0530F456270C8EF700AF7366 /* XCTestCase+FailableDeleteFeedStoreSpecs.swift */,
			);
			path = FeedStoreSpecs;
			sourceTree = "<group>";
		};
		054F21F826F893910017DDBE /* Feed Cache */ = {
			isa = PBXGroup;
			children = (
				054F21F926F893A60017DDBE /* LocalFeedLoader.swift */,
				054F21FB26F8941F0017DDBE /* FeedStore.swift */,
				0590FD6F26F9B57E00B9F0C1 /* LocalFeedImage.swift */,
				4F7F28982703675A00FBA588 /* FeedCachePolicy.swift */,
				4F2039EF270F58F7009DF84F /* Infrastructure */,
			);
			path = "Feed Cache";
			sourceTree = "<group>";
		};
		055D781526F4B5AD007C64A6 /* Feed Cache */ = {
			isa = PBXGroup;
			children = (
				05F57BB426FDB625009A916A /* Helpers */,
				055D781626F4B7AB007C64A6 /* CacheFeedUseCaseTests.swift */,
				05F57BB226FDB324009A916A /* LoadFeedFromCacheUseCaseTests.swift */,
				059DB0AB2702F9D90007AC34 /* ValidateFeedCacheUsesCaseTests.swift */,
				0530F458270C8FEA00AF7366 /* FeedStoreSpecs */,
				05484335270EFCE300FE5DFE /* CoreDataFeedStoreTests.swift */,
			);
			path = "Feed Cache";
			sourceTree = "<group>";
		};
		05F57BB426FDB625009A916A /* Helpers */ = {
			isa = PBXGroup;
			children = (
				05F57BB526FDB657009A916A /* FeedStoreSpy.swift */,
				059DB0AD2702FF410007AC34 /* FeedCacheTestHelpers.swift */,
			);
			path = Helpers;
			sourceTree = "<group>";
		};
		4F2039EF270F58F7009DF84F /* Infrastructure */ = {
			isa = PBXGroup;
			children = (
				4F2039F0270F590B009DF84F /* CoreData */,
			);
			path = Infrastructure;
			sourceTree = "<group>";
		};
		4F2039F0270F590B009DF84F /* CoreData */ = {
			isa = PBXGroup;
			children = (
				05484337270EFF6C00FE5DFE /* CoreDataFeedStore.swift */,
				4F2039EC270F3A3E009DF84F /* FeedStore.xcdatamodeld */,
				4F2039F1270F599B009DF84F /* CoreDataHelpers.swift */,
				4F2039F3270F5A1E009DF84F /* ManagedCache.swift */,
				4F2039F5270F5A44009DF84F /* ManagedFeedImage.swift */,
			);
			path = CoreData;
			sourceTree = "<group>";
		};
		4F86FBE226D3C5F50096520B /* Helpers */ = {
			isa = PBXGroup;
			children = (
				4F86FBE326D3C6170096520B /* XCTestCase+MemoryLeakTracking.swift */,
				059DB0AF270300C40007AC34 /* SharedTestHelpers.swift */,
			);
			path = Helpers;
			sourceTree = "<group>";
		};
		4F8CD3BB26CCE44F00BEF43D /* Feed Feature */ = {
			isa = PBXGroup;
			children = (
				4F8CD3B726CCE1A000BEF43D /* FeedImage.swift */,
				4F8CD3B926CCE3E600BEF43D /* FeedLoader.swift */,
			);
			path = "Feed Feature";
			sourceTree = "<group>";
		};
		4F8CD3C426CD0CA400BEF43D /* Feed API */ = {
			isa = PBXGroup;
			children = (
				4F8CD3C226CD0CA000BEF43D /* RemoteFeedLoader.swift */,
				4FFF56A626D1067800584CBB /* HTTPClient.swift */,
				4FFF56A826D106ED00584CBB /* FeedItemsMapper.swift */,
				4F86FBE526D3EE5C0096520B /* URLSessionHTTPClient.swift */,
				0590FD6D26F9B54300B9F0C1 /* RemoteFeedItem.swift */,
			);
			path = "Feed API";
			sourceTree = "<group>";
		};
		4F91255126C3B11600DFF116 = {
			isa = PBXGroup;
			children = (
				4F91255D26C3B11600DFF116 /* EssentialFeed */,
				4F91256826C3B11600DFF116 /* EssentialFeedTests */,
				4FB081D026D4C13B002C1AC3 /* EssentialFeedAPIEndToEndTests */,
				4F91255C26C3B11600DFF116 /* Products */,
			);
			sourceTree = "<group>";
		};
		4F91255C26C3B11600DFF116 /* Products */ = {
			isa = PBXGroup;
			children = (
				4F91255B26C3B11600DFF116 /* EssentialFeed.framework */,
				4F91256426C3B11600DFF116 /* EssentialFeedTests.xctest */,
				4FB081CF26D4C13B002C1AC3 /* EssentialFeedAPIEndToEndTests.xctest */,
			);
			name = Products;
			sourceTree = "<group>";
		};
		4F91255D26C3B11600DFF116 /* EssentialFeed */ = {
			isa = PBXGroup;
			children = (
				054F21F826F893910017DDBE /* Feed Cache */,
				4F91255F26C3B11600DFF116 /* Info.plist */,
				4F8CD3BB26CCE44F00BEF43D /* Feed Feature */,
				4F8CD3C426CD0CA400BEF43D /* Feed API */,
			);
			path = EssentialFeed;
			sourceTree = "<group>";
		};
		4F91256826C3B11600DFF116 /* EssentialFeedTests */ = {
			isa = PBXGroup;
			children = (
				4F86FBE226D3C5F50096520B /* Helpers */,
				055D781526F4B5AD007C64A6 /* Feed Cache */,
				4F91256B26C3B11600DFF116 /* Info.plist */,
				4FFF56AA26D10F3C00584CBB /* Feed API */,
			);
			path = EssentialFeedTests;
			sourceTree = "<group>";
		};
		4FB081D026D4C13B002C1AC3 /* EssentialFeedAPIEndToEndTests */ = {
			isa = PBXGroup;
			children = (
				4FB081D126D4C13B002C1AC3 /* EssentialFeedAPIEndToEndTests.swift */,
				4FB081D326D4C13B002C1AC3 /* Info.plist */,
			);
			path = EssentialFeedAPIEndToEndTests;
			sourceTree = "<group>";
		};
		4FFF56AA26D10F3C00584CBB /* Feed API */ = {
			isa = PBXGroup;
			children = (
				4F8CD3C026CCE60600BEF43D /* LoadFeedFromRemoteUseCaseTests.swift */,
				4F86FBE026D372250096520B /* URLSessionHTTPClientTests.swift */,
			);
			path = "Feed API";
			sourceTree = "<group>";
		};
/* End PBXGroup section */

/* Begin PBXHeadersBuildPhase section */
		4F91255626C3B11600DFF116 /* Headers */ = {
			isa = PBXHeadersBuildPhase;
			buildActionMask = 2147483647;
			files = (
			);
			runOnlyForDeploymentPostprocessing = 0;
		};
/* End PBXHeadersBuildPhase section */

/* Begin PBXNativeTarget section */
		4F91255A26C3B11600DFF116 /* EssentialFeed */ = {
			isa = PBXNativeTarget;
			buildConfigurationList = 4F91256F26C3B11600DFF116 /* Build configuration list for PBXNativeTarget "EssentialFeed" */;
			buildPhases = (
				4F91255626C3B11600DFF116 /* Headers */,
				4F91255726C3B11600DFF116 /* Sources */,
				4F91255826C3B11600DFF116 /* Frameworks */,
				4F91255926C3B11600DFF116 /* Resources */,
			);
			buildRules = (
			);
			dependencies = (
			);
			name = EssentialFeed;
			productName = EssentialFeed;
			productReference = 4F91255B26C3B11600DFF116 /* EssentialFeed.framework */;
			productType = "com.apple.product-type.framework";
		};
		4F91256326C3B11600DFF116 /* EssentialFeedTests */ = {
			isa = PBXNativeTarget;
			buildConfigurationList = 4F91257226C3B11600DFF116 /* Build configuration list for PBXNativeTarget "EssentialFeedTests" */;
			buildPhases = (
				4F91256026C3B11600DFF116 /* Sources */,
				4F91256126C3B11600DFF116 /* Frameworks */,
				4F91256226C3B11600DFF116 /* Resources */,
			);
			buildRules = (
			);
			dependencies = (
				4F91256726C3B11600DFF116 /* PBXTargetDependency */,
			);
			name = EssentialFeedTests;
			productName = EssentialFeedTests;
			productReference = 4F91256426C3B11600DFF116 /* EssentialFeedTests.xctest */;
			productType = "com.apple.product-type.bundle.unit-test";
		};
		4FB081CE26D4C13B002C1AC3 /* EssentialFeedAPIEndToEndTests */ = {
			isa = PBXNativeTarget;
			buildConfigurationList = 4FB081D726D4C13B002C1AC3 /* Build configuration list for PBXNativeTarget "EssentialFeedAPIEndToEndTests" */;
			buildPhases = (
				4FB081CB26D4C13B002C1AC3 /* Sources */,
				4FB081CC26D4C13B002C1AC3 /* Frameworks */,
				4FB081CD26D4C13B002C1AC3 /* Resources */,
			);
			buildRules = (
			);
			dependencies = (
				4FB081D626D4C13B002C1AC3 /* PBXTargetDependency */,
			);
			name = EssentialFeedAPIEndToEndTests;
			productName = EssentialFeedAPIEndToEndTests;
			productReference = 4FB081CF26D4C13B002C1AC3 /* EssentialFeedAPIEndToEndTests.xctest */;
			productType = "com.apple.product-type.bundle.unit-test";
		};
/* End PBXNativeTarget section */

/* Begin PBXProject section */
		4F91255226C3B11600DFF116 /* Project object */ = {
			isa = PBXProject;
			attributes = {
				LastSwiftUpdateCheck = 1250;
				LastUpgradeCheck = 1250;
				TargetAttributes = {
					4F91255A26C3B11600DFF116 = {
						CreatedOnToolsVersion = 12.5.1;
						LastSwiftMigration = 1250;
					};
					4F91256326C3B11600DFF116 = {
						CreatedOnToolsVersion = 12.5.1;
						LastSwiftMigration = 1250;
					};
					4FB081CE26D4C13B002C1AC3 = {
						CreatedOnToolsVersion = 12.5.1;
					};
				};
			};
			buildConfigurationList = 4F91255526C3B11600DFF116 /* Build configuration list for PBXProject "EssentialFeed" */;
			compatibilityVersion = "Xcode 9.3";
			developmentRegion = en;
			hasScannedForEncodings = 0;
			knownRegions = (
				en,
				Base,
			);
			mainGroup = 4F91255126C3B11600DFF116;
			productRefGroup = 4F91255C26C3B11600DFF116 /* Products */;
			projectDirPath = "";
			projectRoot = "";
			targets = (
				4F91255A26C3B11600DFF116 /* EssentialFeed */,
				4F91256326C3B11600DFF116 /* EssentialFeedTests */,
				4FB081CE26D4C13B002C1AC3 /* EssentialFeedAPIEndToEndTests */,
			);
		};
/* End PBXProject section */

/* Begin PBXResourcesBuildPhase section */
		4F91255926C3B11600DFF116 /* Resources */ = {
			isa = PBXResourcesBuildPhase;
			buildActionMask = 2147483647;
			files = (
			);
			runOnlyForDeploymentPostprocessing = 0;
		};
		4F91256226C3B11600DFF116 /* Resources */ = {
			isa = PBXResourcesBuildPhase;
			buildActionMask = 2147483647;
			files = (
			);
			runOnlyForDeploymentPostprocessing = 0;
		};
		4FB081CD26D4C13B002C1AC3 /* Resources */ = {
			isa = PBXResourcesBuildPhase;
			buildActionMask = 2147483647;
			files = (
			);
			runOnlyForDeploymentPostprocessing = 0;
		};
/* End PBXResourcesBuildPhase section */

/* Begin PBXSourcesBuildPhase section */
		4F91255726C3B11600DFF116 /* Sources */ = {
			isa = PBXSourcesBuildPhase;
			buildActionMask = 2147483647;
			files = (
				4F2039F4270F5A1E009DF84F /* ManagedCache.swift in Sources */,
				4F2039EE270F3A3E009DF84F /* FeedStore.xcdatamodeld in Sources */,
				4FFF56A926D106ED00584CBB /* FeedItemsMapper.swift in Sources */,
				4F8CD3BA26CCE3E600BEF43D /* FeedLoader.swift in Sources */,
				0590FD6E26F9B54300B9F0C1 /* RemoteFeedItem.swift in Sources */,
				4F2039F6270F5A44009DF84F /* ManagedFeedImage.swift in Sources */,
				4F2039F2270F599B009DF84F /* CoreDataHelpers.swift in Sources */,
				4F7F28992703675A00FBA588 /* FeedCachePolicy.swift in Sources */,
				4F8CD3C326CD0CA000BEF43D /* RemoteFeedLoader.swift in Sources */,
				0590FD7026F9B57E00B9F0C1 /* LocalFeedImage.swift in Sources */,
				05484338270EFF6C00FE5DFE /* CoreDataFeedStore.swift in Sources */,
				054F21FC26F8941F0017DDBE /* FeedStore.swift in Sources */,
				054F21FA26F893A60017DDBE /* LocalFeedLoader.swift in Sources */,
				4FFF56A726D1067800584CBB /* HTTPClient.swift in Sources */,
				4F8CD3B826CCE1A000BEF43D /* FeedImage.swift in Sources */,
				4F86FBE626D3EE5C0096520B /* URLSessionHTTPClient.swift in Sources */,
			);
			runOnlyForDeploymentPostprocessing = 0;
		};
		4F91256026C3B11600DFF116 /* Sources */ = {
			isa = PBXSourcesBuildPhase;
			buildActionMask = 2147483647;
			files = (
				059DB0AE2702FF410007AC34 /* FeedCacheTestHelpers.swift in Sources */,
				4F8CD3C126CCE60600BEF43D /* LoadFeedFromRemoteUseCaseTests.swift in Sources */,
				4F86FBE126D372250096520B /* URLSessionHTTPClientTests.swift in Sources */,
				0530F455270C8DA700AF7366 /* XCTestCase+FailableInsertFeedStoreSpecs.swift in Sources */,
				05F57BB626FDB657009A916A /* FeedStoreSpy.swift in Sources */,
				055D781726F4B7AB007C64A6 /* CacheFeedUseCaseTests.swift in Sources */,
				059DB0B0270300C40007AC34 /* SharedTestHelpers.swift in Sources */,
				05F57BB326FDB324009A916A /* LoadFeedFromCacheUseCaseTests.swift in Sources */,
				0530F457270C8EF700AF7366 /* XCTestCase+FailableDeleteFeedStoreSpecs.swift in Sources */,
				0530F453270C8A2700AF7366 /* XCTestCase+FailableRetrieveFeedStoreSpecs.swift in Sources */,
				059DB0AC2702F9D90007AC34 /* ValidateFeedCacheUsesCaseTests.swift in Sources */,
				0530F44F270C722000AF7366 /* FeedStoreSpecs.swift in Sources */,
				4F86FBE426D3C6170096520B /* XCTestCase+MemoryLeakTracking.swift in Sources */,
				05484336270EFCE300FE5DFE /* CoreDataFeedStoreTests.swift in Sources */,
				0530F451270C746C00AF7366 /* XCTestCase+FeedStoreSpecs.swift in Sources */,
			);
			runOnlyForDeploymentPostprocessing = 0;
		};
		4FB081CB26D4C13B002C1AC3 /* Sources */ = {
			isa = PBXSourcesBuildPhase;
			buildActionMask = 2147483647;
			files = (
				4FB081D226D4C13B002C1AC3 /* EssentialFeedAPIEndToEndTests.swift in Sources */,
				4FB081DA26D4CA2C002C1AC3 /* XCTestCase+MemoryLeakTracking.swift in Sources */,
			);
			runOnlyForDeploymentPostprocessing = 0;
		};
/* End PBXSourcesBuildPhase section */

/* Begin PBXTargetDependency section */
		4F91256726C3B11600DFF116 /* PBXTargetDependency */ = {
			isa = PBXTargetDependency;
			target = 4F91255A26C3B11600DFF116 /* EssentialFeed */;
			targetProxy = 4F91256626C3B11600DFF116 /* PBXContainerItemProxy */;
		};
		4FB081D626D4C13B002C1AC3 /* PBXTargetDependency */ = {
			isa = PBXTargetDependency;
			target = 4F91255A26C3B11600DFF116 /* EssentialFeed */;
			targetProxy = 4FB081D526D4C13B002C1AC3 /* PBXContainerItemProxy */;
		};
/* End PBXTargetDependency section */

/* Begin XCBuildConfiguration section */
		4F91256D26C3B11600DFF116 /* Debug */ = {
			isa = XCBuildConfiguration;
			buildSettings = {
				ALWAYS_SEARCH_USER_PATHS = NO;
				CLANG_ANALYZER_NONNULL = YES;
				CLANG_ANALYZER_NUMBER_OBJECT_CONVERSION = YES_AGGRESSIVE;
				CLANG_CXX_LANGUAGE_STANDARD = "gnu++14";
				CLANG_CXX_LIBRARY = "libc++";
				CLANG_ENABLE_MODULES = YES;
				CLANG_ENABLE_OBJC_ARC = YES;
				CLANG_ENABLE_OBJC_WEAK = YES;
				CLANG_WARN_BLOCK_CAPTURE_AUTORELEASING = YES;
				CLANG_WARN_BOOL_CONVERSION = YES;
				CLANG_WARN_COMMA = YES;
				CLANG_WARN_CONSTANT_CONVERSION = YES;
				CLANG_WARN_DEPRECATED_OBJC_IMPLEMENTATIONS = YES;
				CLANG_WARN_DIRECT_OBJC_ISA_USAGE = YES_ERROR;
				CLANG_WARN_DOCUMENTATION_COMMENTS = YES;
				CLANG_WARN_EMPTY_BODY = YES;
				CLANG_WARN_ENUM_CONVERSION = YES;
				CLANG_WARN_INFINITE_RECURSION = YES;
				CLANG_WARN_INT_CONVERSION = YES;
				CLANG_WARN_NON_LITERAL_NULL_CONVERSION = YES;
				CLANG_WARN_OBJC_IMPLICIT_RETAIN_SELF = YES;
				CLANG_WARN_OBJC_LITERAL_CONVERSION = YES;
				CLANG_WARN_OBJC_ROOT_CLASS = YES_ERROR;
				CLANG_WARN_QUOTED_INCLUDE_IN_FRAMEWORK_HEADER = YES;
				CLANG_WARN_RANGE_LOOP_ANALYSIS = YES;
				CLANG_WARN_STRICT_PROTOTYPES = YES;
				CLANG_WARN_SUSPICIOUS_MOVE = YES;
				CLANG_WARN_UNGUARDED_AVAILABILITY = YES_AGGRESSIVE;
				CLANG_WARN_UNREACHABLE_CODE = YES;
				CLANG_WARN__DUPLICATE_METHOD_MATCH = YES;
				COPY_PHASE_STRIP = NO;
				CURRENT_PROJECT_VERSION = 1;
				DEBUG_INFORMATION_FORMAT = dwarf;
				ENABLE_STRICT_OBJC_MSGSEND = YES;
				ENABLE_TESTABILITY = YES;
				GCC_C_LANGUAGE_STANDARD = gnu11;
				GCC_DYNAMIC_NO_PIC = NO;
				GCC_NO_COMMON_BLOCKS = YES;
				GCC_OPTIMIZATION_LEVEL = 0;
				GCC_PREPROCESSOR_DEFINITIONS = (
					"DEBUG=1",
					"$(inherited)",
				);
				GCC_WARN_64_TO_32_BIT_CONVERSION = YES;
				GCC_WARN_ABOUT_RETURN_TYPE = YES_ERROR;
				GCC_WARN_UNDECLARED_SELECTOR = YES;
				GCC_WARN_UNINITIALIZED_AUTOS = YES_AGGRESSIVE;
				GCC_WARN_UNUSED_FUNCTION = YES;
				GCC_WARN_UNUSED_VARIABLE = YES;
				IPHONEOS_DEPLOYMENT_TARGET = 15.0;
				MACOSX_DEPLOYMENT_TARGET = 10.15;
				MTL_ENABLE_DEBUG_INFO = INCLUDE_SOURCE;
				MTL_FAST_MATH = YES;
				ONLY_ACTIVE_ARCH = YES;
				SDKROOT = iphoneos;
				SUPPORTS_MACCATALYST = YES;
				SWIFT_ACTIVE_COMPILATION_CONDITIONS = DEBUG;
				SWIFT_OPTIMIZATION_LEVEL = "-Onone";
				SWIFT_VERSION = 5.0;
				TARGETED_DEVICE_FAMILY = "1,2,6";
				VERSIONING_SYSTEM = "apple-generic";
				VERSION_INFO_PREFIX = "";
			};
			name = Debug;
		};
		4F91256E26C3B11600DFF116 /* Release */ = {
			isa = XCBuildConfiguration;
			buildSettings = {
				ALWAYS_SEARCH_USER_PATHS = NO;
				CLANG_ANALYZER_NONNULL = YES;
				CLANG_ANALYZER_NUMBER_OBJECT_CONVERSION = YES_AGGRESSIVE;
				CLANG_CXX_LANGUAGE_STANDARD = "gnu++14";
				CLANG_CXX_LIBRARY = "libc++";
				CLANG_ENABLE_MODULES = YES;
				CLANG_ENABLE_OBJC_ARC = YES;
				CLANG_ENABLE_OBJC_WEAK = YES;
				CLANG_WARN_BLOCK_CAPTURE_AUTORELEASING = YES;
				CLANG_WARN_BOOL_CONVERSION = YES;
				CLANG_WARN_COMMA = YES;
				CLANG_WARN_CONSTANT_CONVERSION = YES;
				CLANG_WARN_DEPRECATED_OBJC_IMPLEMENTATIONS = YES;
				CLANG_WARN_DIRECT_OBJC_ISA_USAGE = YES_ERROR;
				CLANG_WARN_DOCUMENTATION_COMMENTS = YES;
				CLANG_WARN_EMPTY_BODY = YES;
				CLANG_WARN_ENUM_CONVERSION = YES;
				CLANG_WARN_INFINITE_RECURSION = YES;
				CLANG_WARN_INT_CONVERSION = YES;
				CLANG_WARN_NON_LITERAL_NULL_CONVERSION = YES;
				CLANG_WARN_OBJC_IMPLICIT_RETAIN_SELF = YES;
				CLANG_WARN_OBJC_LITERAL_CONVERSION = YES;
				CLANG_WARN_OBJC_ROOT_CLASS = YES_ERROR;
				CLANG_WARN_QUOTED_INCLUDE_IN_FRAMEWORK_HEADER = YES;
				CLANG_WARN_RANGE_LOOP_ANALYSIS = YES;
				CLANG_WARN_STRICT_PROTOTYPES = YES;
				CLANG_WARN_SUSPICIOUS_MOVE = YES;
				CLANG_WARN_UNGUARDED_AVAILABILITY = YES_AGGRESSIVE;
				CLANG_WARN_UNREACHABLE_CODE = YES;
				CLANG_WARN__DUPLICATE_METHOD_MATCH = YES;
				COPY_PHASE_STRIP = NO;
				CURRENT_PROJECT_VERSION = 1;
				DEBUG_INFORMATION_FORMAT = "dwarf-with-dsym";
				ENABLE_NS_ASSERTIONS = NO;
				ENABLE_STRICT_OBJC_MSGSEND = YES;
				GCC_C_LANGUAGE_STANDARD = gnu11;
				GCC_NO_COMMON_BLOCKS = YES;
				GCC_WARN_64_TO_32_BIT_CONVERSION = YES;
				GCC_WARN_ABOUT_RETURN_TYPE = YES_ERROR;
				GCC_WARN_UNDECLARED_SELECTOR = YES;
				GCC_WARN_UNINITIALIZED_AUTOS = YES_AGGRESSIVE;
				GCC_WARN_UNUSED_FUNCTION = YES;
				GCC_WARN_UNUSED_VARIABLE = YES;
				IPHONEOS_DEPLOYMENT_TARGET = 15.0;
				MACOSX_DEPLOYMENT_TARGET = 10.15;
				MTL_ENABLE_DEBUG_INFO = NO;
				MTL_FAST_MATH = YES;
				SDKROOT = iphoneos;
				SUPPORTS_MACCATALYST = YES;
				SWIFT_COMPILATION_MODE = wholemodule;
				SWIFT_OPTIMIZATION_LEVEL = "-O";
				SWIFT_VERSION = 5.0;
				TARGETED_DEVICE_FAMILY = "1,2,6";
				VALIDATE_PRODUCT = YES;
				VERSIONING_SYSTEM = "apple-generic";
				VERSION_INFO_PREFIX = "";
			};
			name = Release;
		};
		4F91257026C3B11600DFF116 /* Debug */ = {
			isa = XCBuildConfiguration;
			buildSettings = {
				APPLICATION_EXTENSION_API_ONLY = NO;
				CLANG_ENABLE_MODULES = YES;
				CODE_SIGN_STYLE = Automatic;
				DEFINES_MODULE = YES;
				DEVELOPMENT_TEAM = 296RF6QMS7;
				DYLIB_COMPATIBILITY_VERSION = 1;
				DYLIB_CURRENT_VERSION = 1;
				DYLIB_INSTALL_NAME_BASE = "@rpath";
				INFOPLIST_FILE = EssentialFeed/Info.plist;
				INSTALL_PATH = "$(LOCAL_LIBRARY_DIR)/Frameworks";
				"IPHONEOS_DEPLOYMENT_TARGET[sdk=macosx*]" = 13.2;
				LD_RUNPATH_SEARCH_PATHS = (
					"$(inherited)",
					"@executable_path/Frameworks",
					"@loader_path/Frameworks",
				);
				PRODUCT_BUNDLE_IDENTIFIER = com.overheardswift.EssentialFeed;
				PRODUCT_NAME = "$(TARGET_NAME:c99extidentifier)";
				SKIP_INSTALL = YES;
				SUPPORTS_MACCATALYST = YES;
				SUPPORTS_MAC_DESIGNED_FOR_IPHONE_IPAD = NO;
				SWIFT_OPTIMIZATION_LEVEL = "-Onone";
				SWIFT_VERSION = 5.0;
				TARGETED_DEVICE_FAMILY = "1,2,6";
			};
			name = Debug;
		};
		4F91257126C3B11600DFF116 /* Release */ = {
			isa = XCBuildConfiguration;
			buildSettings = {
				APPLICATION_EXTENSION_API_ONLY = NO;
				CLANG_ENABLE_MODULES = YES;
				CODE_SIGN_STYLE = Automatic;
				DEFINES_MODULE = YES;
				DEVELOPMENT_TEAM = 296RF6QMS7;
				DYLIB_COMPATIBILITY_VERSION = 1;
				DYLIB_CURRENT_VERSION = 1;
				DYLIB_INSTALL_NAME_BASE = "@rpath";
				INFOPLIST_FILE = EssentialFeed/Info.plist;
				INSTALL_PATH = "$(LOCAL_LIBRARY_DIR)/Frameworks";
				"IPHONEOS_DEPLOYMENT_TARGET[sdk=macosx*]" = 13.2;
				LD_RUNPATH_SEARCH_PATHS = (
					"$(inherited)",
					"@executable_path/Frameworks",
					"@loader_path/Frameworks",
				);
				PRODUCT_BUNDLE_IDENTIFIER = com.overheardswift.EssentialFeed;
				PRODUCT_NAME = "$(TARGET_NAME:c99extidentifier)";
				SKIP_INSTALL = YES;
				SUPPORTS_MACCATALYST = YES;
				SUPPORTS_MAC_DESIGNED_FOR_IPHONE_IPAD = NO;
				SWIFT_VERSION = 5.0;
				TARGETED_DEVICE_FAMILY = "1,2,6";
			};
			name = Release;
		};
		4F91257326C3B11600DFF116 /* Debug */ = {
			isa = XCBuildConfiguration;
			buildSettings = {
				ALWAYS_EMBED_SWIFT_STANDARD_LIBRARIES = NO;
				CLANG_ENABLE_MODULES = YES;
				CODE_SIGN_STYLE = Automatic;
				DEVELOPMENT_TEAM = 296RF6QMS7;
				INFOPLIST_FILE = EssentialFeedTests/Info.plist;
				LD_RUNPATH_SEARCH_PATHS = (
					"$(inherited)",
					"@executable_path/Frameworks",
					"@loader_path/Frameworks",
				);
				PRODUCT_BUNDLE_IDENTIFIER = com.overheardswift.EssentialFeedTests;
				PRODUCT_NAME = "$(TARGET_NAME)";
				SWIFT_OPTIMIZATION_LEVEL = "-Onone";
				SWIFT_VERSION = 5.0;
				TARGETED_DEVICE_FAMILY = "1,2";
			};
			name = Debug;
		};
		4F91257426C3B11600DFF116 /* Release */ = {
			isa = XCBuildConfiguration;
			buildSettings = {
				ALWAYS_EMBED_SWIFT_STANDARD_LIBRARIES = NO;
				CLANG_ENABLE_MODULES = YES;
				CODE_SIGN_STYLE = Automatic;
				DEVELOPMENT_TEAM = 296RF6QMS7;
				INFOPLIST_FILE = EssentialFeedTests/Info.plist;
				LD_RUNPATH_SEARCH_PATHS = (
					"$(inherited)",
					"@executable_path/Frameworks",
					"@loader_path/Frameworks",
				);
				PRODUCT_BUNDLE_IDENTIFIER = com.overheardswift.EssentialFeedTests;
				PRODUCT_NAME = "$(TARGET_NAME)";
				SWIFT_VERSION = 5.0;
				TARGETED_DEVICE_FAMILY = "1,2";
			};
			name = Release;
		};
		4FB081D826D4C13B002C1AC3 /* Debug */ = {
			isa = XCBuildConfiguration;
			buildSettings = {
				CODE_SIGN_STYLE = Automatic;
				DEVELOPMENT_TEAM = 296RF6QMS7;
				INFOPLIST_FILE = EssentialFeedAPIEndToEndTests/Info.plist;
				LD_RUNPATH_SEARCH_PATHS = (
					"$(inherited)",
					"@executable_path/Frameworks",
					"@loader_path/Frameworks",
				);
				PRODUCT_BUNDLE_IDENTIFIER = com.overheardswift.EssentialFeedAPIEndToEndTests;
				PRODUCT_NAME = "$(TARGET_NAME)";
				SWIFT_VERSION = 5.0;
				TARGETED_DEVICE_FAMILY = "1,2";
			};
			name = Debug;
		};
		4FB081D926D4C13B002C1AC3 /* Release */ = {
			isa = XCBuildConfiguration;
			buildSettings = {
				CODE_SIGN_STYLE = Automatic;
				DEVELOPMENT_TEAM = 296RF6QMS7;
				INFOPLIST_FILE = EssentialFeedAPIEndToEndTests/Info.plist;
				LD_RUNPATH_SEARCH_PATHS = (
					"$(inherited)",
					"@executable_path/Frameworks",
					"@loader_path/Frameworks",
				);
				PRODUCT_BUNDLE_IDENTIFIER = com.overheardswift.EssentialFeedAPIEndToEndTests;
				PRODUCT_NAME = "$(TARGET_NAME)";
				SWIFT_VERSION = 5.0;
				TARGETED_DEVICE_FAMILY = "1,2";
			};
			name = Release;
		};
/* End XCBuildConfiguration section */

/* Begin XCConfigurationList section */
		4F91255526C3B11600DFF116 /* Build configuration list for PBXProject "EssentialFeed" */ = {
			isa = XCConfigurationList;
			buildConfigurations = (
				4F91256D26C3B11600DFF116 /* Debug */,
				4F91256E26C3B11600DFF116 /* Release */,
			);
			defaultConfigurationIsVisible = 0;
			defaultConfigurationName = Release;
		};
		4F91256F26C3B11600DFF116 /* Build configuration list for PBXNativeTarget "EssentialFeed" */ = {
			isa = XCConfigurationList;
			buildConfigurations = (
				4F91257026C3B11600DFF116 /* Debug */,
				4F91257126C3B11600DFF116 /* Release */,
			);
			defaultConfigurationIsVisible = 0;
			defaultConfigurationName = Release;
		};
		4F91257226C3B11600DFF116 /* Build configuration list for PBXNativeTarget "EssentialFeedTests" */ = {
			isa = XCConfigurationList;
			buildConfigurations = (
				4F91257326C3B11600DFF116 /* Debug */,
				4F91257426C3B11600DFF116 /* Release */,
			);
			defaultConfigurationIsVisible = 0;
			defaultConfigurationName = Release;
		};
		4FB081D726D4C13B002C1AC3 /* Build configuration list for PBXNativeTarget "EssentialFeedAPIEndToEndTests" */ = {
			isa = XCConfigurationList;
			buildConfigurations = (
				4FB081D826D4C13B002C1AC3 /* Debug */,
				4FB081D926D4C13B002C1AC3 /* Release */,
			);
			defaultConfigurationIsVisible = 0;
			defaultConfigurationName = Release;
		};
/* End XCConfigurationList section */

/* Begin XCVersionGroup section */
		4F2039EC270F3A3E009DF84F /* FeedStore.xcdatamodeld */ = {
			isa = XCVersionGroup;
			children = (
				4F2039ED270F3A3E009DF84F /* FeedStore.xcdatamodel */,
			);
			currentVersion = 4F2039ED270F3A3E009DF84F /* FeedStore.xcdatamodel */;
			path = FeedStore.xcdatamodeld;
			sourceTree = "<group>";
			versionGroupType = wrapper.xcdatamodel;
		};
/* End XCVersionGroup section */
	};
	rootObject = 4F91255226C3B11600DFF116 /* Project object */;
}
